# This file is automatically @generated by Wally.
# It is not intended for manual editing.
registry = "test"

[[package]]
name = "aloroid/cheapnet"
version = "0.4.1"
dependencies = [["Signal", "sleitnick/signal@1.3.0"], ["t", "aloroid/t@3.1.1"]]

[[package]]
name = "aloroid/t"
version = "3.1.1"
dependencies = []

[[package]]
name = "sleitnick/signal"
version = "1.3.0"
dependencies = []
